
Microsoft Visual Studio Solution File, Format Version 12.00
# Visual Studio Version 17
VisualStudioVersion = 17.11.35222.181
MinimumVisualStudioVersion = 10.0.40219.1
Project("{9A19103F-16F7-4668-BE54-9A1E7A4F7556}") = "ElevatorSystem", "ElevatorSystem\ElevatorSystem.csproj", "{6A497D4D-31AE-4BE7-8E19-17F8605B1D5E}"
EndProject
Project("{9A19103F-16F7-4668-BE54-9A1E7A4F7556}") = "ElevatorSystem.Tests", "ElevatorSystem.Tests\ElevatorSystem.Tests.csproj", "{51F4EFFC-537D-4D1D-9C6C-4A01E209C273}"
EndProject
Global
	GlobalSection(SolutionConfigurationPlatforms) = preSolution
		Debug|Any CPU = Debug|Any CPU
		Release|Any CPU = Release|Any CPU
	EndGlobalSection
	GlobalSection(ProjectConfigurationPlatforms) = postSolution
		{6A497D4D-31AE-4BE7-8E19-17F8605B1D5E}.Debug|Any CPU.ActiveCfg = Debug|Any CPU
		{6A497D4D-31AE-4BE7-8E19-17F8605B1D5E}.Debug|Any CPU.Build.0 = Debug|Any CPU
		{6A497D4D-31AE-4BE7-8E19-17F8605B1D5E}.Release|Any CPU.ActiveCfg = Release|Any CPU
		{6A497D4D-31AE-4BE7-8E19-17F8605B1D5E}.Release|Any CPU.Build.0 = Release|Any CPU
		{51F4EFFC-537D-4D1D-9C6C-4A01E209C273}.Debug|Any CPU.ActiveCfg = Debug|Any CPU
		{51F4EFFC-537D-4D1D-9C6C-4A01E209C273}.Debug|Any CPU.Build.0 = Debug|Any CPU
		{51F4EFFC-537D-4D1D-9C6C-4A01E209C273}.Release|Any CPU.ActiveCfg = Release|Any CPU
		{51F4EFFC-537D-4D1D-9C6C-4A01E209C273}.Release|Any CPU.Build.0 = Release|Any CPU
	EndGlobalSection
	GlobalSection(SolutionProperties) = preSolution
		HideSolutionNode = FALSE
	EndGlobalSection
	GlobalSection(ExtensibilityGlobals) = postSolution
		SolutionGuid = {2094CE21-DC1D-4DB4-9FC5-FD40A0D8945D}
	EndGlobalSection
EndGlobal
